schema: '2.0'
stages:
  decoding_xml_to_wav:
    cmd: python -m pipeline process-xml-files --input-folder data/xml_input 
      --output-folder data/processed/extracted_wav
    deps:
    - path: data/xml_input
      hash: md5
      md5: b828ec2eb129ebc78c083bdd20011005.dir
      size: 1994595350
      nfiles: 798
    - path: pipeline/decode_xml_to_wav.py
      hash: md5
      md5: 54a958b63b16fdbfab27af732dfd913a
      size: 4203
    outs:
    - path: data/processed/extracted_wav
      hash: md5
      md5: 6f74e7fc9024c13a9a62be8f7e4c709c.dir
      size: 1495633892
      nfiles: 798
  downsampling_audio:
    cmd: python -m pipeline downsample-audio --input-folder 
      data/processed/extracted_wav --output-folder 
      data/processed/downsampled_wav
    deps:
    - path: data/processed/extracted_wav
      hash: md5
      md5: 6f74e7fc9024c13a9a62be8f7e4c709c.dir
      size: 1495633892
      nfiles: 798
    - path: pipeline/downsample_wav.py
      hash: md5
      md5: a045c1928c45bb750050cdc1b6852c06
      size: 4491
    params:
      params.yaml:
        target_sr: 16000
    outs:
    - path: data/processed/downsampled_wav
      hash: md5
      md5: 4666349f9a47b9beb8c246412a5e6ba6.dir
      size: 271346322
      nfiles: 798
  filtering_outdoor:
    cmd: python -m pipeline highpass-filter --input-folder 
      data/processed/downsampled_wav --output-folder 
      data/processed/filtered_outdoor_wav
    deps:
    - path: data/processed/downsampled_wav
      hash: md5
      md5: 4666349f9a47b9beb8c246412a5e6ba6.dir
      size: 271346322
      nfiles: 798
    - path: pipeline/filter_outdoor.py
      hash: md5
      md5: 20be4b347e99f43022c02d002031d7a9
      size: 7760
    params:
      params.yaml:
        cutoff_freq: 20
        target_sr: 16000
    outs:
    - path: data/processed/filtered_outdoor_wav
      hash: md5
      md5: cc7cf83a5c0fa06954cce4858715545f.dir
      size: 271346322
      nfiles: 798
  extracting_sound_data:
    cmd: python -m pipeline analyze-wav-files --input-folder 
      data/processed/filtered_outdoor_wav --output-folder 
      data/processed/wav_sound_metadata
    deps:
    - path: data/processed/filtered_outdoor_wav
      hash: md5
      md5: cc7cf83a5c0fa06954cce4858715545f.dir
      size: 271346322
      nfiles: 798
    - path: pipeline/extract_sound_data_from_wav.py
      hash: md5
      md5: a1595e81c24ce06be6d651dd5001ad85
      size: 3811
    outs:
    - path: data/processed/wav_sound_metadata/wav_metadata.csv
      hash: md5
      md5: ccc38956aa1c0b2ce960b4729bd2d688
      size: 45908
  concatenating_segments:
    cmd: python -m pipeline concatenate-audio --input-folder 
      data/processed/filtered_outdoor_wav --output-folder 
      data/processed/concatenated_wav_segments --metadata-path 
      data/processed/wav_sound_metadata/wav_metadata.csv
    deps:
    - path: data/processed/filtered_outdoor_wav
      hash: md5
      md5: cc7cf83a5c0fa06954cce4858715545f.dir
      size: 271346322
      nfiles: 798
    - path: data/processed/wav_sound_metadata/wav_metadata.csv
      hash: md5
      md5: ccc38956aa1c0b2ce960b4729bd2d688
      size: 45908
    - path: pipeline/concatenate_into_segments.py
      hash: md5
      md5: c2950cd2ca09ce8649fd3f07b6147192
      size: 6466
    params:
      params.yaml:
        concat_duration: 1800
        concat_tolerance: 180
    outs:
    - path: data/processed/concatenated_wav_segments
      hash: md5
      md5: 2826f8f7e1e6a4189605f65ebb22c1ca.dir
      size: 271311430
      nfiles: 5
  preparing_recording_positions:
    cmd: python -m pipeline generate-labels --input-folder 
      data/processed/concatenated_wav_segments --output-folder 
      labels/recording_positions --metadata-path 
      data/processed/wav_sound_metadata/wav_metadata.csv
    deps:
    - path: data/processed/concatenated_wav_segments
      hash: md5
      md5: 2826f8f7e1e6a4189605f65ebb22c1ca.dir
      size: 271311430
      nfiles: 5
    - path: data/processed/wav_sound_metadata/wav_metadata.csv
      hash: md5
      md5: ccc38956aa1c0b2ce960b4729bd2d688
      size: 45908
    - path: pipeline/prepare_recording_positions.py
      hash: md5
      md5: 989b5e56578ef39fe5e2abfe2697d5a3
      size: 4625
    outs:
    - path: labels/recording_positions
      hash: md5
      md5: 57f105befe7ec3fff1a8e4f368b45f16.dir
      size: 37415
      nfiles: 5
  getting_speech_probabilities:
    cmd: python -m pipeline detect-speech --input-folder 
      data/processed/concatenated_wav_segments --output-folder 
      data/processed/speech_detection_probabilities
    deps:
    - path: data/processed/concatenated_wav_segments
      hash: md5
      md5: 2826f8f7e1e6a4189605f65ebb22c1ca.dir
      size: 271311430
      nfiles: 5
    - path: pipeline/get_speech_probabilities.py
      hash: md5
      md5: 3f739f9c1f9e0e411ca8bffd5e6d9617
      size: 5135
    outs:
    - path: data/processed/speech_detection_probabilities
      hash: md5
      md5: 178d12c94df50ff3f13ba8c3813830d9.dir
      size: 9696984
      nfiles: 5
  preparing_speech_labels:
    cmd: python -m pipeline label-speech --input-folder 
      data/processed/speech_detection_probabilities --output-folder 
      labels/speech_detection
    deps:
    - path: data/processed/speech_detection_probabilities
      hash: md5
      md5: 178d12c94df50ff3f13ba8c3813830d9.dir
      size: 9696984
      nfiles: 5
    - path: pipeline/prepare_speech_labels.py
      hash: md5
      md5: f1d9e432292531658443d408e6083b33
      size: 5361
    params:
      params.yaml:
        frame_step: 0.01
        prob_threshold: 0.5
    outs:
    - path: labels/speech_detection
      hash: md5
      md5: 4b6a545b94162424bfdbb218c2da5357.dir
      size: 1682
      nfiles: 5
